
Microsoft Visual Studio Solution File, Format Version 12.00
# Visual Studio Version 17
VisualStudioVersion = 17.9.34622.214
MinimumVisualStudioVersion = 10.0.40219.1
Project("{FAE04EC0-301F-11D3-BF4B-00C04F79EFBC}") = "countLetters", "countWords\countLetters.csproj", "{65B02DC3-4C2F-494D-8583-67807026B588}"
EndProject
Global
	GlobalSection(SolutionConfigurationPlatforms) = preSolution
		Debug|Any CPU = Debug|Any CPU
		Release|Any CPU = Release|Any CPU
	EndGlobalSection
	GlobalSection(ProjectConfigurationPlatforms) = postSolution
		{65B02DC3-4C2F-494D-8583-67807026B588}.Debug|Any CPU.ActiveCfg = Debug|Any CPU
		{65B02DC3-4C2F-494D-8583-67807026B588}.Debug|Any CPU.Build.0 = Debug|Any CPU
		{65B02DC3-4C2F-494D-8583-67807026B588}.Release|Any CPU.ActiveCfg = Release|Any CPU
		{65B02DC3-4C2F-494D-8583-67807026B588}.Release|Any CPU.Build.0 = Release|Any CPU
	EndGlobalSection
	GlobalSection(SolutionProperties) = preSolution
		HideSolutionNode = FALSE
	EndGlobalSection
	GlobalSection(ExtensibilityGlobals) = postSolution
		SolutionGuid = {97E0010C-AC9F-4E05-B0AB-4DFA2CABCBCC}
	EndGlobalSection
EndGlobal
